
Microsoft Visual Studio Solution File, Format Version 12.00
# Visual Studio Version 17
VisualStudioVersion = 17.12.35527.113 d17.12
MinimumVisualStudioVersion = 10.0.40219.1
Project("{FAE04EC0-301F-11D3-BF4B-00C04F79EFBC}") = "3CXTimeControl", "3CXTimeControl\3CXTimeControl.csproj", "{E32EF350-9C28-4745-BD9E-9E45836A3ABA}"
EndProject
Global
	GlobalSection(SolutionConfigurationPlatforms) = preSolution
		Debug|Any CPU = Debug|Any CPU
		Release|Any CPU = Release|Any CPU
	EndGlobalSection
	GlobalSection(ProjectConfigurationPlatforms) = postSolution
		{E32EF350-9C28-4745-BD9E-9E45836A3ABA}.Debug|Any CPU.ActiveCfg = Debug|Any CPU
		{E32EF350-9C28-4745-BD9E-9E45836A3ABA}.Debug|Any CPU.Build.0 = Debug|Any CPU
		{E32EF350-9C28-4745-BD9E-9E45836A3ABA}.Release|Any CPU.ActiveCfg = Release|Any CPU
		{E32EF350-9C28-4745-BD9E-9E45836A3ABA}.Release|Any CPU.Build.0 = Release|Any CPU
	EndGlobalSection
	GlobalSection(SolutionProperties) = preSolution
		HideSolutionNode = FALSE
	EndGlobalSection
EndGlobal
